{
  "name": "@my-handicapped-pet/wired-combo",
  "version": "2.0.0-alpha.0",
  "lockfileVersion": 1,
  "requires": true,
  "dependencies": {
    "lit-element": {
      "version": "2.4.0",
      "resolved": "https://registry.npmjs.org/lit-element/-/lit-element-2.4.0.tgz",
      "integrity": "sha512-pBGLglxyhq/Prk2H91nA0KByq/hx/wssJBQFiYqXhGDvEnY31PRGYf1RglVzyLeRysu0IHm2K0P196uLLWmwFg==",
      "requires": {
        "lit-html": "^1.1.1"
      }
    },
    "lit-html": {
      "version": "1.3.0",
      "resolved": "https://registry.npmjs.org/lit-html/-/lit-html-1.3.0.tgz",
      "integrity": "sha512-0Q1bwmaFH9O14vycPHw8C/IeHMk/uSDldVLIefu/kfbTBGIc44KGH6A8p1bDfxUfHdc8q6Ct7kQklWoHgr4t1Q=="
    },
    "wired-card": {
      "version": "2.1.0",
      "resolved": "https://registry.npmjs.org/wired-card/-/wired-card-2.1.0.tgz",
      "integrity": "sha512-VFi/sPwYDXHaJii+16jRZwxaK9gOpqOvi+n6yre5hvuHq64E2EVHkfIjhfwhiglXykywHR6cl6GMfx09ItHStA==",
      "requires": {
        "lit-element": "^2.3.1",
        "wired-lib": "^2.1.0"
      }
    },
    "wired-item": {
      "version": "2.1.0",
      "resolved": "https://registry.npmjs.org/wired-item/-/wired-item-2.1.0.tgz",
      "integrity": "sha512-/9gGuc/6STQDYD2X1Sp5a2oyj58Mh1sZgN47ynkq890bWNSnlToCJr0uYwgaYlr3uhsOrIsjID9WicCGTgecBA==",
      "requires": {
        "lit-element": "^2.3.1",
        "wired-lib": "^2.1.0"
      }
    },
    "wired-lib": {
      "version": "2.1.0",
      "resolved": "https://registry.npmjs.org/wired-lib/-/wired-lib-2.1.0.tgz",
      "integrity": "sha512-x/ZGXlOJn8w6x/uMiFIiM/h2JJcvf5ocLEx+Bn1XcqXCro0lL9zy40sn/ystYVvmhtkMkKu7WQMWfyQRsKU+cw==",
      "requires": {
        "lit-element": "^2.3.1"
      }
    }
  }
}
